
Microsoft Visual Studio Solution File, Format Version 12.00
# Visual Studio 15
VisualStudioVersion = 15.0.28307.2092
MinimumVisualStudioVersion = 10.0.40219.1
Project("{FAE04EC0-301F-11D3-BF4B-00C04F79EFBC}") = "LeThanhTu", "QuanLyBanHangMayTinh_337\LeThanhTu.csproj", "{3FFC7D3F-71EE-4ADA-92BC-7B41C610289C}"
EndProject
Global
	GlobalSection(SolutionConfigurationPlatforms) = preSolution
		Debug|Any CPU = Debug|Any CPU
		Release|Any CPU = Release|Any CPU
	EndGlobalSection
	GlobalSection(ProjectConfigurationPlatforms) = postSolution
		{3FFC7D3F-71EE-4ADA-92BC-7B41C610289C}.Debug|Any CPU.ActiveCfg = Debug|Any CPU
		{3FFC7D3F-71EE-4ADA-92BC-7B41C610289C}.Debug|Any CPU.Build.0 = Debug|Any CPU
		{3FFC7D3F-71EE-4ADA-92BC-7B41C610289C}.Release|Any CPU.ActiveCfg = Release|Any CPU
		{3FFC7D3F-71EE-4ADA-92BC-7B41C610289C}.Release|Any CPU.Build.0 = Release|Any CPU
	EndGlobalSection
	GlobalSection(SolutionProperties) = preSolution
		HideSolutionNode = FALSE
	EndGlobalSection
	GlobalSection(ExtensibilityGlobals) = postSolution
		SolutionGuid = {DF47CF13-9AB5-42DB-BF8A-852EDC8CA4AA}
	EndGlobalSection
EndGlobal
